
Microsoft Visual Studio Solution File, Format Version 12.00
# Visual Studio Version 17
VisualStudioVersion = 17.8.34408.163
MinimumVisualStudioVersion = 10.0.40219.1
Project("{2150E333-8FDC-42A3-9474-1A3956D46DE8}") = "src", "src", "{13EA68A1-23F4-45B9-8CDB-D68AB34C1284}"
EndProject
Project("{FAE04EC0-301F-11D3-BF4B-00C04F79EFBC}") = "WebAPI", "src\WebAPI\WebAPI.csproj", "{C3B13727-D63A-4BD5-A7FE-6AE6CE26A1DD}"
EndProject
Project("{FAE04EC0-301F-11D3-BF4B-00C04F79EFBC}") = "Domain", "src\Domain\Domain.csproj", "{16A67A4B-AF29-4E4D-9795-7584D9CBE956}"
EndProject
Project("{FAE04EC0-301F-11D3-BF4B-00C04F79EFBC}") = "Infrastructure", "src\Infrastructure\Infrastructure.csproj", "{DEFE094B-62DC-455F-9294-12FE322166D2}"
EndProject
Project("{FAE04EC0-301F-11D3-BF4B-00C04F79EFBC}") = "Application", "src\Application\Application.csproj", "{3F454855-8801-40E6-ACFC-B3336DAB4D5B}"
EndProject
Project("{2150E333-8FDC-42A3-9474-1A3956D46DE8}") = "tests", "tests", "{CEDD0116-0D4F-417B-B531-4D2FE2415D55}"
EndProject
Project("{FAE04EC0-301F-11D3-BF4B-00C04F79EFBC}") = "Infrastructure.Test", "tests\Infrastructure.Test\Infrastructure.Test.csproj", "{F70F9A0F-6BCD-48AF-A8EF-FD54070C159E}"
EndProject
Project("{FAE04EC0-301F-11D3-BF4B-00C04F79EFBC}") = "Migrators.MSSQL", "src\Migrators.MSSQL\Migrators.MSSQL.csproj", "{56C5BE67-3F27-4E20-9C07-B4E2699D6718}"
EndProject
Global
	GlobalSection(SolutionConfigurationPlatforms) = preSolution
		Debug|Any CPU = Debug|Any CPU
		Release|Any CPU = Release|Any CPU
	EndGlobalSection
	GlobalSection(ProjectConfigurationPlatforms) = postSolution
		{C3B13727-D63A-4BD5-A7FE-6AE6CE26A1DD}.Debug|Any CPU.ActiveCfg = Debug|Any CPU
		{C3B13727-D63A-4BD5-A7FE-6AE6CE26A1DD}.Debug|Any CPU.Build.0 = Debug|Any CPU
		{C3B13727-D63A-4BD5-A7FE-6AE6CE26A1DD}.Release|Any CPU.ActiveCfg = Release|Any CPU
		{C3B13727-D63A-4BD5-A7FE-6AE6CE26A1DD}.Release|Any CPU.Build.0 = Release|Any CPU
		{16A67A4B-AF29-4E4D-9795-7584D9CBE956}.Debug|Any CPU.ActiveCfg = Debug|Any CPU
		{16A67A4B-AF29-4E4D-9795-7584D9CBE956}.Debug|Any CPU.Build.0 = Debug|Any CPU
		{16A67A4B-AF29-4E4D-9795-7584D9CBE956}.Release|Any CPU.ActiveCfg = Release|Any CPU
		{16A67A4B-AF29-4E4D-9795-7584D9CBE956}.Release|Any CPU.Build.0 = Release|Any CPU
		{DEFE094B-62DC-455F-9294-12FE322166D2}.Debug|Any CPU.ActiveCfg = Debug|Any CPU
		{DEFE094B-62DC-455F-9294-12FE322166D2}.Debug|Any CPU.Build.0 = Debug|Any CPU
		{DEFE094B-62DC-455F-9294-12FE322166D2}.Release|Any CPU.ActiveCfg = Release|Any CPU
		{DEFE094B-62DC-455F-9294-12FE322166D2}.Release|Any CPU.Build.0 = Release|Any CPU
		{3F454855-8801-40E6-ACFC-B3336DAB4D5B}.Debug|Any CPU.ActiveCfg = Debug|Any CPU
		{3F454855-8801-40E6-ACFC-B3336DAB4D5B}.Debug|Any CPU.Build.0 = Debug|Any CPU
		{3F454855-8801-40E6-ACFC-B3336DAB4D5B}.Release|Any CPU.ActiveCfg = Release|Any CPU
		{3F454855-8801-40E6-ACFC-B3336DAB4D5B}.Release|Any CPU.Build.0 = Release|Any CPU
		{F70F9A0F-6BCD-48AF-A8EF-FD54070C159E}.Debug|Any CPU.ActiveCfg = Debug|Any CPU
		{F70F9A0F-6BCD-48AF-A8EF-FD54070C159E}.Debug|Any CPU.Build.0 = Debug|Any CPU
		{F70F9A0F-6BCD-48AF-A8EF-FD54070C159E}.Release|Any CPU.ActiveCfg = Release|Any CPU
		{F70F9A0F-6BCD-48AF-A8EF-FD54070C159E}.Release|Any CPU.Build.0 = Release|Any CPU
		{56C5BE67-3F27-4E20-9C07-B4E2699D6718}.Debug|Any CPU.ActiveCfg = Debug|Any CPU
		{56C5BE67-3F27-4E20-9C07-B4E2699D6718}.Debug|Any CPU.Build.0 = Debug|Any CPU
		{56C5BE67-3F27-4E20-9C07-B4E2699D6718}.Release|Any CPU.ActiveCfg = Release|Any CPU
		{56C5BE67-3F27-4E20-9C07-B4E2699D6718}.Release|Any CPU.Build.0 = Release|Any CPU
	EndGlobalSection
	GlobalSection(SolutionProperties) = preSolution
		HideSolutionNode = FALSE
	EndGlobalSection
	GlobalSection(NestedProjects) = preSolution
		{C3B13727-D63A-4BD5-A7FE-6AE6CE26A1DD} = {13EA68A1-23F4-45B9-8CDB-D68AB34C1284}
		{16A67A4B-AF29-4E4D-9795-7584D9CBE956} = {13EA68A1-23F4-45B9-8CDB-D68AB34C1284}
		{DEFE094B-62DC-455F-9294-12FE322166D2} = {13EA68A1-23F4-45B9-8CDB-D68AB34C1284}
		{3F454855-8801-40E6-ACFC-B3336DAB4D5B} = {13EA68A1-23F4-45B9-8CDB-D68AB34C1284}
		{F70F9A0F-6BCD-48AF-A8EF-FD54070C159E} = {CEDD0116-0D4F-417B-B531-4D2FE2415D55}
		{56C5BE67-3F27-4E20-9C07-B4E2699D6718} = {13EA68A1-23F4-45B9-8CDB-D68AB34C1284}
	EndGlobalSection
	GlobalSection(ExtensibilityGlobals) = postSolution
		SolutionGuid = {68B4DEDA-63B9-4132-8DAE-735896579D35}
	EndGlobalSection
EndGlobal
